
Microsoft Visual Studio Solution File, Format Version 12.00
# Visual Studio 2013
VisualStudioVersion = 12.0.31101.0
MinimumVisualStudioVersion = 10.0.40219.1
Project("{FAE04EC0-301F-11D3-BF4B-00C04F79EFBC}") = "SeismicPetrelPlugin", "LMgistPlugin1\SeismicPetrelPlugin.csproj", "{BB66F8E0-7F8E-4AFE-968B-C8E3B2D5FA06}"
EndProject
Project("{FAE04EC0-301F-11D3-BF4B-00C04F79EFBC}") = "Tester1", "Tester1\Tester1.csproj", "{AA3400AD-5E76-4B03-B4DC-944B2BD19432}"
EndProject
Project("{FAE04EC0-301F-11D3-BF4B-00C04F79EFBC}") = "SiesmicWPFApplication", "WPF\WpfApplication1\SiesmicWPFApplication.csproj", "{F254AD14-DC09-4307-9CA7-60EE441E246F}"
EndProject
Global
	GlobalSection(SolutionConfigurationPlatforms) = preSolution
		Debug|Any CPU = Debug|Any CPU
		Release|Any CPU = Release|Any CPU
	EndGlobalSection
	GlobalSection(ProjectConfigurationPlatforms) = postSolution
		{BB66F8E0-7F8E-4AFE-968B-C8E3B2D5FA06}.Debug|Any CPU.ActiveCfg = Debug|Any CPU
		{BB66F8E0-7F8E-4AFE-968B-C8E3B2D5FA06}.Debug|Any CPU.Build.0 = Debug|Any CPU
		{BB66F8E0-7F8E-4AFE-968B-C8E3B2D5FA06}.Release|Any CPU.ActiveCfg = Release|Any CPU
		{BB66F8E0-7F8E-4AFE-968B-C8E3B2D5FA06}.Release|Any CPU.Build.0 = Release|Any CPU
		{AA3400AD-5E76-4B03-B4DC-944B2BD19432}.Debug|Any CPU.ActiveCfg = Debug|Any CPU
		{AA3400AD-5E76-4B03-B4DC-944B2BD19432}.Debug|Any CPU.Build.0 = Debug|Any CPU
		{AA3400AD-5E76-4B03-B4DC-944B2BD19432}.Release|Any CPU.ActiveCfg = Release|Any CPU
		{AA3400AD-5E76-4B03-B4DC-944B2BD19432}.Release|Any CPU.Build.0 = Release|Any CPU
		{F254AD14-DC09-4307-9CA7-60EE441E246F}.Debug|Any CPU.ActiveCfg = Debug|Any CPU
		{F254AD14-DC09-4307-9CA7-60EE441E246F}.Debug|Any CPU.Build.0 = Debug|Any CPU
		{F254AD14-DC09-4307-9CA7-60EE441E246F}.Release|Any CPU.ActiveCfg = Release|Any CPU
		{F254AD14-DC09-4307-9CA7-60EE441E246F}.Release|Any CPU.Build.0 = Release|Any CPU
	EndGlobalSection
	GlobalSection(SolutionProperties) = preSolution
		HideSolutionNode = FALSE
	EndGlobalSection
EndGlobal
